
Microsoft Visual Studio Solution File, Format Version 12.00
# Visual Studio 15
VisualStudioVersion = 15.0.26730.16
MinimumVisualStudioVersion = 10.0.40219.1
Project("{FAE04EC0-301F-11D3-BF4B-00C04F79EFBC}") = "ContosoUniversity", "ContosoUniversity\ContosoUniversity.csproj", "{EEF6536B-C68E-4CAF-8ABC-AC6419C32EBC}"
EndProject
Global
	GlobalSection(SolutionConfigurationPlatforms) = preSolution
		Debug|Any CPU = Debug|Any CPU
		Release|Any CPU = Release|Any CPU
	EndGlobalSection
	GlobalSection(ProjectConfigurationPlatforms) = postSolution
		{EEF6536B-C68E-4CAF-8ABC-AC6419C32EBC}.Debug|Any CPU.ActiveCfg = Debug|Any CPU
		{EEF6536B-C68E-4CAF-8ABC-AC6419C32EBC}.Debug|Any CPU.Build.0 = Debug|Any CPU
		{EEF6536B-C68E-4CAF-8ABC-AC6419C32EBC}.Release|Any CPU.ActiveCfg = Release|Any CPU
		{EEF6536B-C68E-4CAF-8ABC-AC6419C32EBC}.Release|Any CPU.Build.0 = Release|Any CPU
	EndGlobalSection
	GlobalSection(SolutionProperties) = preSolution
		HideSolutionNode = FALSE
	EndGlobalSection
	GlobalSection(ExtensibilityGlobals) = postSolution
		SolutionGuid = {858CDED8-2952-4D5A-B0C8-2073A7DDBC1F}
	EndGlobalSection
EndGlobal
